
Microsoft Visual Studio Solution File, Format Version 12.00
# Visual Studio Version 16
VisualStudioVersion = 16.0.31229.75
MinimumVisualStudioVersion = 10.0.40219.1
Project("{FAE04EC0-301F-11D3-BF4B-00C04F79EFBC}") = "YellowDuckSoftware.Csv", "YellowDuckSoftware.Csv\YellowDuckSoftware.Csv.csproj", "{D8685C8A-8D2D-4417-80C5-04C46B7E6C36}"
EndProject
Project("{FAE04EC0-301F-11D3-BF4B-00C04F79EFBC}") = "YellowDuckSoftware.Csv.Tests", "YellowDuckSoftware.Csv.Tests\YellowDuckSoftware.Csv.Tests.csproj", "{1C5EEB02-A9E6-466B-A051-588E2CA421B2}"
EndProject
Global
	GlobalSection(SolutionConfigurationPlatforms) = preSolution
		Debug|Any CPU = Debug|Any CPU
		Release|Any CPU = Release|Any CPU
	EndGlobalSection
	GlobalSection(ProjectConfigurationPlatforms) = postSolution
		{D8685C8A-8D2D-4417-80C5-04C46B7E6C36}.Debug|Any CPU.ActiveCfg = Debug|Any CPU
		{D8685C8A-8D2D-4417-80C5-04C46B7E6C36}.Debug|Any CPU.Build.0 = Debug|Any CPU
		{D8685C8A-8D2D-4417-80C5-04C46B7E6C36}.Release|Any CPU.ActiveCfg = Release|Any CPU
		{D8685C8A-8D2D-4417-80C5-04C46B7E6C36}.Release|Any CPU.Build.0 = Release|Any CPU
		{1C5EEB02-A9E6-466B-A051-588E2CA421B2}.Debug|Any CPU.ActiveCfg = Debug|Any CPU
		{1C5EEB02-A9E6-466B-A051-588E2CA421B2}.Debug|Any CPU.Build.0 = Debug|Any CPU
		{1C5EEB02-A9E6-466B-A051-588E2CA421B2}.Release|Any CPU.ActiveCfg = Release|Any CPU
		{1C5EEB02-A9E6-466B-A051-588E2CA421B2}.Release|Any CPU.Build.0 = Release|Any CPU
	EndGlobalSection
	GlobalSection(SolutionProperties) = preSolution
		HideSolutionNode = FALSE
	EndGlobalSection
	GlobalSection(ExtensibilityGlobals) = postSolution
		SolutionGuid = {05BF5300-4CE5-4175-BE7B-C78BA0EB92EE}
	EndGlobalSection
EndGlobal
